
Microsoft Visual Studio Solution File, Format Version 12.00
# Visual Studio Version 17
VisualStudioVersion = 17.4.33213.308
MinimumVisualStudioVersion = 10.0.40219.1
Project("{FAE04EC0-301F-11D3-BF4B-00C04F79EFBC}") = "BankClient-1", "BankClient-1.csproj", "{6779CD05-3DAB-4AFE-941E-C06732F49ADE}"
EndProject
Global
	GlobalSection(SolutionConfigurationPlatforms) = preSolution
		Debug|Any CPU = Debug|Any CPU
		Debug|x86 = Debug|x86
		Release|Any CPU = Release|Any CPU
		Release|x86 = Release|x86
	EndGlobalSection
	GlobalSection(ProjectConfigurationPlatforms) = postSolution
		{6779CD05-3DAB-4AFE-941E-C06732F49ADE}.Debug|Any CPU.ActiveCfg = Debug|Any CPU
		{6779CD05-3DAB-4AFE-941E-C06732F49ADE}.Debug|Any CPU.Build.0 = Debug|Any CPU
		{6779CD05-3DAB-4AFE-941E-C06732F49ADE}.Debug|x86.ActiveCfg = Debug|x86
		{6779CD05-3DAB-4AFE-941E-C06732F49ADE}.Debug|x86.Build.0 = Debug|x86
		{6779CD05-3DAB-4AFE-941E-C06732F49ADE}.Release|Any CPU.ActiveCfg = Release|Any CPU
		{6779CD05-3DAB-4AFE-941E-C06732F49ADE}.Release|Any CPU.Build.0 = Release|Any CPU
		{6779CD05-3DAB-4AFE-941E-C06732F49ADE}.Release|x86.ActiveCfg = Release|x86
		{6779CD05-3DAB-4AFE-941E-C06732F49ADE}.Release|x86.Build.0 = Release|x86
	EndGlobalSection
	GlobalSection(SolutionProperties) = preSolution
		HideSolutionNode = FALSE
	EndGlobalSection
	GlobalSection(ExtensibilityGlobals) = postSolution
		SolutionGuid = {D58607F0-B028-45A7-AB14-CC1395756033}
	EndGlobalSection
EndGlobal
